
Microsoft Visual Studio Solution File, Format Version 9.00
# Visual Studio 2005
Project("{8BC9CEB8-8B4A-11D0-8D11-00A0C91BC942}") = "3DxNdofBlender", "3DxNdofBlender\ndof3dcnx.vcproj", "{81AE4DB4-8EC0-4369-B968-94CBE4C2EBAF}"
EndProject
Project("{FAE04EC0-301F-11D3-BF4B-00C04F79EFBC}") = "HidLibrary", "HIDLibrary\HidLibrary.csproj", "{6359584C-E0FA-422B-BB71-0C110C0DE63D}"
EndProject
Project("{FAE04EC0-301F-11D3-BF4B-00C04F79EFBC}") = "AerionInputConfig", "AerionInputConfig\AerionInputConfig.csproj", "{D6E5D91D-FABF-4744-93C5-E7CB25287679}"
EndProject
Project("{FAE04EC0-301F-11D3-BF4B-00C04F79EFBC}") = "AerionInput", "AerionInput\AerionInput.csproj", "{2E1F1D67-1D9E-4062-BA92-7A26366ECFD4}"
EndProject
Global
	GlobalSection(SolutionConfigurationPlatforms) = preSolution
		Debug|Any CPU = Debug|Any CPU
		Debug|Mixed Platforms = Debug|Mixed Platforms
		Debug|Win32 = Debug|Win32
		Release with GHOST linking|Any CPU = Release with GHOST linking|Any CPU
		Release with GHOST linking|Mixed Platforms = Release with GHOST linking|Mixed Platforms
		Release with GHOST linking|Win32 = Release with GHOST linking|Win32
		Release|Any CPU = Release|Any CPU
		Release|Mixed Platforms = Release|Mixed Platforms
		Release|Win32 = Release|Win32
	EndGlobalSection
	GlobalSection(ProjectConfigurationPlatforms) = postSolution
		{81AE4DB4-8EC0-4369-B968-94CBE4C2EBAF}.Debug|Any CPU.ActiveCfg = Debug|Win32
		{81AE4DB4-8EC0-4369-B968-94CBE4C2EBAF}.Debug|Mixed Platforms.ActiveCfg = Debug|Win32
		{81AE4DB4-8EC0-4369-B968-94CBE4C2EBAF}.Debug|Mixed Platforms.Build.0 = Debug|Win32
		{81AE4DB4-8EC0-4369-B968-94CBE4C2EBAF}.Debug|Win32.ActiveCfg = Debug|Win32
		{81AE4DB4-8EC0-4369-B968-94CBE4C2EBAF}.Debug|Win32.Build.0 = Debug|Win32
		{81AE4DB4-8EC0-4369-B968-94CBE4C2EBAF}.Release with GHOST linking|Any CPU.ActiveCfg = Release with GHOST linking|Win32
		{81AE4DB4-8EC0-4369-B968-94CBE4C2EBAF}.Release with GHOST linking|Mixed Platforms.ActiveCfg = Release with GHOST linking|Win32
		{81AE4DB4-8EC0-4369-B968-94CBE4C2EBAF}.Release with GHOST linking|Mixed Platforms.Build.0 = Release with GHOST linking|Win32
		{81AE4DB4-8EC0-4369-B968-94CBE4C2EBAF}.Release with GHOST linking|Win32.ActiveCfg = Release with GHOST linking|Win32
		{81AE4DB4-8EC0-4369-B968-94CBE4C2EBAF}.Release with GHOST linking|Win32.Build.0 = Release with GHOST linking|Win32
		{81AE4DB4-8EC0-4369-B968-94CBE4C2EBAF}.Release|Any CPU.ActiveCfg = Release|Win32
		{81AE4DB4-8EC0-4369-B968-94CBE4C2EBAF}.Release|Mixed Platforms.ActiveCfg = Release|Win32
		{81AE4DB4-8EC0-4369-B968-94CBE4C2EBAF}.Release|Mixed Platforms.Build.0 = Release|Win32
		{81AE4DB4-8EC0-4369-B968-94CBE4C2EBAF}.Release|Win32.ActiveCfg = Release|Win32
		{81AE4DB4-8EC0-4369-B968-94CBE4C2EBAF}.Release|Win32.Build.0 = Release|Win32
		{6359584C-E0FA-422B-BB71-0C110C0DE63D}.Debug|Any CPU.ActiveCfg = Debug|Any CPU
		{6359584C-E0FA-422B-BB71-0C110C0DE63D}.Debug|Any CPU.Build.0 = Debug|Any CPU
		{6359584C-E0FA-422B-BB71-0C110C0DE63D}.Debug|Mixed Platforms.ActiveCfg = Debug|Any CPU
		{6359584C-E0FA-422B-BB71-0C110C0DE63D}.Debug|Mixed Platforms.Build.0 = Debug|Any CPU
		{6359584C-E0FA-422B-BB71-0C110C0DE63D}.Debug|Win32.ActiveCfg = Debug|Any CPU
		{6359584C-E0FA-422B-BB71-0C110C0DE63D}.Release with GHOST linking|Any CPU.ActiveCfg = Release|Any CPU
		{6359584C-E0FA-422B-BB71-0C110C0DE63D}.Release with GHOST linking|Any CPU.Build.0 = Release|Any CPU
		{6359584C-E0FA-422B-BB71-0C110C0DE63D}.Release with GHOST linking|Mixed Platforms.ActiveCfg = Release|Any CPU
		{6359584C-E0FA-422B-BB71-0C110C0DE63D}.Release with GHOST linking|Mixed Platforms.Build.0 = Release|Any CPU
		{6359584C-E0FA-422B-BB71-0C110C0DE63D}.Release with GHOST linking|Win32.ActiveCfg = Release|Any CPU
		{6359584C-E0FA-422B-BB71-0C110C0DE63D}.Release|Any CPU.ActiveCfg = Release|Any CPU
		{6359584C-E0FA-422B-BB71-0C110C0DE63D}.Release|Any CPU.Build.0 = Release|Any CPU
		{6359584C-E0FA-422B-BB71-0C110C0DE63D}.Release|Mixed Platforms.ActiveCfg = Release|Any CPU
		{6359584C-E0FA-422B-BB71-0C110C0DE63D}.Release|Mixed Platforms.Build.0 = Release|Any CPU
		{6359584C-E0FA-422B-BB71-0C110C0DE63D}.Release|Win32.ActiveCfg = Release|Any CPU
		{D6E5D91D-FABF-4744-93C5-E7CB25287679}.Debug|Any CPU.ActiveCfg = Debug|Any CPU
		{D6E5D91D-FABF-4744-93C5-E7CB25287679}.Debug|Any CPU.Build.0 = Debug|Any CPU
		{D6E5D91D-FABF-4744-93C5-E7CB25287679}.Debug|Mixed Platforms.ActiveCfg = Debug|Any CPU
		{D6E5D91D-FABF-4744-93C5-E7CB25287679}.Debug|Mixed Platforms.Build.0 = Debug|Any CPU
		{D6E5D91D-FABF-4744-93C5-E7CB25287679}.Debug|Win32.ActiveCfg = Debug|Any CPU
		{D6E5D91D-FABF-4744-93C5-E7CB25287679}.Release with GHOST linking|Any CPU.ActiveCfg = Release|Any CPU
		{D6E5D91D-FABF-4744-93C5-E7CB25287679}.Release with GHOST linking|Any CPU.Build.0 = Release|Any CPU
		{D6E5D91D-FABF-4744-93C5-E7CB25287679}.Release with GHOST linking|Mixed Platforms.ActiveCfg = Release|Any CPU
		{D6E5D91D-FABF-4744-93C5-E7CB25287679}.Release with GHOST linking|Mixed Platforms.Build.0 = Release|Any CPU
		{D6E5D91D-FABF-4744-93C5-E7CB25287679}.Release with GHOST linking|Win32.ActiveCfg = Release|Any CPU
		{D6E5D91D-FABF-4744-93C5-E7CB25287679}.Release|Any CPU.ActiveCfg = Release|Any CPU
		{D6E5D91D-FABF-4744-93C5-E7CB25287679}.Release|Any CPU.Build.0 = Release|Any CPU
		{D6E5D91D-FABF-4744-93C5-E7CB25287679}.Release|Mixed Platforms.ActiveCfg = Release|Any CPU
		{D6E5D91D-FABF-4744-93C5-E7CB25287679}.Release|Mixed Platforms.Build.0 = Release|Any CPU
		{D6E5D91D-FABF-4744-93C5-E7CB25287679}.Release|Win32.ActiveCfg = Release|Any CPU
		{2E1F1D67-1D9E-4062-BA92-7A26366ECFD4}.Debug|Any CPU.ActiveCfg = Debug|Any CPU
		{2E1F1D67-1D9E-4062-BA92-7A26366ECFD4}.Debug|Any CPU.Build.0 = Debug|Any CPU
		{2E1F1D67-1D9E-4062-BA92-7A26366ECFD4}.Debug|Mixed Platforms.ActiveCfg = Debug|Any CPU
		{2E1F1D67-1D9E-4062-BA92-7A26366ECFD4}.Debug|Mixed Platforms.Build.0 = Debug|Any CPU
		{2E1F1D67-1D9E-4062-BA92-7A26366ECFD4}.Debug|Win32.ActiveCfg = Debug|Any CPU
		{2E1F1D67-1D9E-4062-BA92-7A26366ECFD4}.Release with GHOST linking|Any CPU.ActiveCfg = Release|Any CPU
		{2E1F1D67-1D9E-4062-BA92-7A26366ECFD4}.Release with GHOST linking|Any CPU.Build.0 = Release|Any CPU
		{2E1F1D67-1D9E-4062-BA92-7A26366ECFD4}.Release with GHOST linking|Mixed Platforms.ActiveCfg = Release|Any CPU
		{2E1F1D67-1D9E-4062-BA92-7A26366ECFD4}.Release with GHOST linking|Mixed Platforms.Build.0 = Release|Any CPU
		{2E1F1D67-1D9E-4062-BA92-7A26366ECFD4}.Release with GHOST linking|Win32.ActiveCfg = Release|Any CPU
		{2E1F1D67-1D9E-4062-BA92-7A26366ECFD4}.Release|Any CPU.ActiveCfg = Release|Any CPU
		{2E1F1D67-1D9E-4062-BA92-7A26366ECFD4}.Release|Any CPU.Build.0 = Release|Any CPU
		{2E1F1D67-1D9E-4062-BA92-7A26366ECFD4}.Release|Mixed Platforms.ActiveCfg = Release|Any CPU
		{2E1F1D67-1D9E-4062-BA92-7A26366ECFD4}.Release|Mixed Platforms.Build.0 = Release|Any CPU
		{2E1F1D67-1D9E-4062-BA92-7A26366ECFD4}.Release|Win32.ActiveCfg = Release|Any CPU
	EndGlobalSection
	GlobalSection(SolutionProperties) = preSolution
		HideSolutionNode = FALSE
	EndGlobalSection
EndGlobal
